// !$*UTF8*$!
{
	archiveVersion = 1;
	classes = {
	};
	objectVersion = 56;
	objects = {

/* Begin PBXBuildFile section */
		484480AC2C9AB0BC001EA7E5 /* PhotoExplorerApp.swift in Sources */ = {isa = PBXBuildFile; fileRef = 484480AB2C9AB0BC001EA7E5 /* PhotoExplorerApp.swift */; };
		484480AE2C9AB0BC001EA7E5 /* ContentView.swift in Sources */ = {isa = PBXBuildFile; fileRef = 484480AD2C9AB0BC001EA7E5 /* ContentView.swift */; };
		484480B02C9AB0BD001EA7E5 /* Assets.xcassets in Resources */ = {isa = PBXBuildFile; fileRef = 484480AF2C9AB0BD001EA7E5 /* Assets.xcassets */; };
		484480B32C9AB0BD001EA7E5 /* Preview Assets.xcassets in Resources */ = {isa = PBXBuildFile; fileRef = 484480B22C9AB0BD001EA7E5 /* Preview Assets.xcassets */; };
		484480BA2C9AB102001EA7E5 /* Photo.swift in Sources */ = {isa = PBXBuildFile; fileRef = 484480B92C9AB102001EA7E5 /* Photo.swift */; };
		484480BC2C9AB117001EA7E5 /* PixabayService.swift in Sources */ = {isa = PBXBuildFile; fileRef = 484480BB2C9AB117001EA7E5 /* PixabayService.swift */; };
		484480BE2C9AB152001EA7E5 /* PhotoDetailView.swift in Sources */ = {isa = PBXBuildFile; fileRef = 484480BD2C9AB152001EA7E5 /* PhotoDetailView.swift */; };
		777C21A7EC1AC1343B8B68A8 /* Pods_PhotoExplorer.framework in Frameworks */ = {isa = PBXBuildFile; fileRef = E4E0844F723D289EAF1D5D6B /* Pods_PhotoExplorer.framework */; };
/* End PBXBuildFile section */

/* Begin PBXFileReference section */
		066C51F1B1FCA16964EE84F3 /* Pods-PhotoExplorer.debug.xcconfig */ = {isa = PBXFileReference; includeInIndex = 1; lastKnownFileType = text.xcconfig; name = "Pods-PhotoExplorer.debug.xcconfig"; path = "Target Support Files/Pods-PhotoExplorer/Pods-PhotoExplorer.debug.xcconfig"; sourceTree = "<group>"; };
		2367FB1DBA2D7F22BD3E6A49 /* Pods-PhotoExplorer.release.xcconfig */ = {isa = PBXFileReference; includeInIndex = 1; lastKnownFileType = text.xcconfig; name = "Pods-PhotoExplorer.release.xcconfig"; path = "Target Support Files/Pods-PhotoExplorer/Pods-PhotoExplorer.release.xcconfig"; sourceTree = "<group>"; };
		484480A82C9AB0BC001EA7E5 /* PhotoExplorer.app */ = {isa = PBXFileReference; explicitFileType = wrapper.application; includeInIndex = 0; path = PhotoExplorer.app; sourceTree = BUILT_PRODUCTS_DIR; };
		484480AB2C9AB0BC001EA7E5 /* PhotoExplorerApp.swift */ = {isa = PBXFileReference; lastKnownFileType = sourcecode.swift; path = PhotoExplorerApp.swift; sourceTree = "<group>"; };
		484480AD2C9AB0BC001EA7E5 /* ContentView.swift */ = {isa = PBXFileReference; lastKnownFileType = sourcecode.swift; path = ContentView.swift; sourceTree = "<group>"; };
		484480AF2C9AB0BD001EA7E5 /* Assets.xcassets */ = {isa = PBXFileReference; lastKnownFileType = folder.assetcatalog; path = Assets.xcassets; sourceTree = "<group>"; };
		484480B22C9AB0BD001EA7E5 /* Preview Assets.xcassets */ = {isa = PBXFileReference; lastKnownFileType = folder.assetcatalog; path = "Preview Assets.xcassets"; sourceTree = "<group>"; };
		484480B92C9AB102001EA7E5 /* Photo.swift */ = {isa = PBXFileReference; lastKnownFileType = sourcecode.swift; path = Photo.swift; sourceTree = "<group>"; };
		484480BB2C9AB117001EA7E5 /* PixabayService.swift */ = {isa = PBXFileReference; lastKnownFileType = sourcecode.swift; path = PixabayService.swift; sourceTree = "<group>"; };
		484480BD2C9AB152001EA7E5 /* PhotoDetailView.swift */ = {isa = PBXFileReference; lastKnownFileType = sourcecode.swift; path = PhotoDetailView.swift; sourceTree = "<group>"; };
		E4E0844F723D289EAF1D5D6B /* Pods_PhotoExplorer.framework */ = {isa = PBXFileReference; explicitFileType = wrapper.framework; includeInIndex = 0; path = Pods_PhotoExplorer.framework; sourceTree = BUILT_PRODUCTS_DIR; };
/* End PBXFileReference section */

/* Begin PBXFrameworksBuildPhase section */
		484480A52C9AB0BC001EA7E5 /* Frameworks */ = {
			isa = PBXFrameworksBuildPhase;
			buildActionMask = 2147483647;
			files = (
				777C21A7EC1AC1343B8B68A8 /* Pods_PhotoExplorer.framework in Frameworks */,
			);
			runOnlyForDeploymentPostprocessing = 0;
		};
/* End PBXFrameworksBuildPhase section */

/* Begin PBXGroup section */
		211DEE0AF4640BCCCB82741C /* Frameworks */ = {
			isa = PBXGroup;
			children = (
				E4E0844F723D289EAF1D5D6B /* Pods_PhotoExplorer.framework */,
			);
			name = Frameworks;
			sourceTree = "<group>";
		};
		4838EF8D2C9CFE8700F4FC23 /* Models */ = {
			isa = PBXGroup;
			children = (
				484480B92C9AB102001EA7E5 /* Photo.swift */,
			);
			path = Models;
			sourceTree = "<group>";
		};
		4844809F2C9AB0BC001EA7E5 = {
			isa = PBXGroup;
			children = (
				484480AA2C9AB0BC001EA7E5 /* PhotoExplorer */,
				484480A92C9AB0BC001EA7E5 /* Products */,
				EF4EE7929DC10BDD2DC40FC6 /* Pods */,
				211DEE0AF4640BCCCB82741C /* Frameworks */,
			);
			sourceTree = "<group>";
		};
		484480A92C9AB0BC001EA7E5 /* Products */ = {
			isa = PBXGroup;
			children = (
				484480A82C9AB0BC001EA7E5 /* PhotoExplorer.app */,
			);
			name = Products;
			sourceTree = "<group>";
		};
		484480AA2C9AB0BC001EA7E5 /* PhotoExplorer */ = {
			isa = PBXGroup;
			children = (
				4838EF8D2C9CFE8700F4FC23 /* Models */,
				484480C02C9AE968001EA7E5 /* Services */,
				484480BF2C9AE95D001EA7E5 /* Views */,
				484480AB2C9AB0BC001EA7E5 /* PhotoExplorerApp.swift */,
				484480AF2C9AB0BD001EA7E5 /* Assets.xcassets */,
				484480B12C9AB0BD001EA7E5 /* Preview Content */,
			);
			path = PhotoExplorer;
			sourceTree = "<group>";
		};
		484480B12C9AB0BD001EA7E5 /* Preview Content */ = {
			isa = PBXGroup;
			children = (
				484480B22C9AB0BD001EA7E5 /* Preview Assets.xcassets */,
			);
			path = "Preview Content";
			sourceTree = "<group>";
		};
		484480BF2C9AE95D001EA7E5 /* Views */ = {
			isa = PBXGroup;
			children = (
				484480AD2C9AB0BC001EA7E5 /* ContentView.swift */,
				484480BD2C9AB152001EA7E5 /* PhotoDetailView.swift */,
			);
			path = Views;
			sourceTree = "<group>";
		};
		484480C02C9AE968001EA7E5 /* Services */ = {
			isa = PBXGroup;
			children = (
				484480BB2C9AB117001EA7E5 /* PixabayService.swift */,
			);
			path = Services;
			sourceTree = "<group>";
		};
		EF4EE7929DC10BDD2DC40FC6 /* Pods */ = {
			isa = PBXGroup;
			children = (
				066C51F1B1FCA16964EE84F3 /* Pods-PhotoExplorer.debug.xcconfig */,
				2367FB1DBA2D7F22BD3E6A49 /* Pods-PhotoExplorer.release.xcconfig */,
			);
			path = Pods;
			sourceTree = "<group>";
		};
/* End PBXGroup section */

/* Begin PBXNativeTarget section */
		484480A72C9AB0BC001EA7E5 /* PhotoExplorer */ = {
			isa = PBXNativeTarget;
			buildConfigurationList = 484480B62C9AB0BD001EA7E5 /* Build configuration list for PBXNativeTarget "PhotoExplorer" */;
			buildPhases = (
				97DCA42489C73CD9EC748047 /* [CP] Check Pods Manifest.lock */,
				484480A42C9AB0BC001EA7E5 /* Sources */,
				484480A52C9AB0BC001EA7E5 /* Frameworks */,
				484480A62C9AB0BC001EA7E5 /* Resources */,
				B4E6820099216F3F89C873BD /* [CP] Embed Pods Frameworks */,
			);
			buildRules = (
			);
			dependencies = (
			);
			name = PhotoExplorer;
			productName = PhotoExplorer;
			productReference = 484480A82C9AB0BC001EA7E5 /* PhotoExplorer.app */;
			productType = "com.apple.product-type.application";
		};
/* End PBXNativeTarget section */

/* Begin PBXProject section */
		484480A02C9AB0BC001EA7E5 /* Project object */ = {
			isa = PBXProject;
			attributes = {
				BuildIndependentTargetsInParallel = 1;
				LastSwiftUpdateCheck = 1540;
				LastUpgradeCheck = 1540;
				TargetAttributes = {
					484480A72C9AB0BC001EA7E5 = {
						CreatedOnToolsVersion = 15.4;
					};
				};
			};
			buildConfigurationList = 484480A32C9AB0BC001EA7E5 /* Build configuration list for PBXProject "PhotoExplorer" */;
			compatibilityVersion = "Xcode 14.0";
			developmentRegion = en;
			hasScannedForEncodings = 0;
			knownRegions = (
				en,
				Base,
			);
			mainGroup = 4844809F2C9AB0BC001EA7E5;
			productRefGroup = 484480A92C9AB0BC001EA7E5 /* Products */;
			projectDirPath = "";
			projectRoot = "";
			targets = (
				484480A72C9AB0BC001EA7E5 /* PhotoExplorer */,
			);
		};
/* End PBXProject section */

/* Begin PBXResourcesBuildPhase section */
		484480A62C9AB0BC001EA7E5 /* Resources */ = {
			isa = PBXResourcesBuildPhase;
			buildActionMask = 2147483647;
			files = (
				484480B32C9AB0BD001EA7E5 /* Preview Assets.xcassets in Resources */,
				484480B02C9AB0BD001EA7E5 /* Assets.xcassets in Resources */,
			);
			runOnlyForDeploymentPostprocessing = 0;
		};
/* End PBXResourcesBuildPhase section */

/* Begin PBXShellScriptBuildPhase section */
		97DCA42489C73CD9EC748047 /* [CP] Check Pods Manifest.lock */ = {
			isa = PBXShellScriptBuildPhase;
			buildActionMask = 2147483647;
			files = (
			);
			inputFileListPaths = (
			);
			inputPaths = (
				"${PODS_PODFILE_DIR_PATH}/Podfile.lock",
				"${PODS_ROOT}/Manifest.lock",
			);
			name = "[CP] Check Pods Manifest.lock";
			outputFileListPaths = (
			);
			outputPaths = (
				"$(DERIVED_FILE_DIR)/Pods-PhotoExplorer-checkManifestLockResult.txt",
			);
			runOnlyForDeploymentPostprocessing = 0;
			shellPath = /bin/sh;
			shellScript = "diff \"${PODS_PODFILE_DIR_PATH}/Podfile.lock\" \"${PODS_ROOT}/Manifest.lock\" > /dev/null\nif [ $? != 0 ] ; then\n    # print error to STDERR\n    echo \"error: The sandbox is not in sync with the Podfile.lock. Run 'pod install' or update your CocoaPods installation.\" >&2\n    exit 1\nfi\n# This output is used by Xcode 'outputs' to avoid re-running this script phase.\necho \"SUCCESS\" > \"${SCRIPT_OUTPUT_FILE_0}\"\n";
			showEnvVarsInLog = 0;
		};
		B4E6820099216F3F89C873BD /* [CP] Embed Pods Frameworks */ = {
			isa = PBXShellScriptBuildPhase;
			buildActionMask = 2147483647;
			files = (
			);
			inputFileListPaths = (
				"${PODS_ROOT}/Target Support Files/Pods-PhotoExplorer/Pods-PhotoExplorer-frameworks-${CONFIGURATION}-input-files.xcfilelist",
			);
			name = "[CP] Embed Pods Frameworks";
			outputFileListPaths = (
				"${PODS_ROOT}/Target Support Files/Pods-PhotoExplorer/Pods-PhotoExplorer-frameworks-${CONFIGURATION}-output-files.xcfilelist",
			);
			runOnlyForDeploymentPostprocessing = 0;
			shellPath = /bin/sh;
			shellScript = "\"${PODS_ROOT}/Target Support Files/Pods-PhotoExplorer/Pods-PhotoExplorer-frameworks.sh\"\n";
			showEnvVarsInLog = 0;
		};
/* End PBXShellScriptBuildPhase section */

/* Begin PBXSourcesBuildPhase section */
		484480A42C9AB0BC001EA7E5 /* Sources */ = {
			isa = PBXSourcesBuildPhase;
			buildActionMask = 2147483647;
			files = (
				484480BA2C9AB102001EA7E5 /* Photo.swift in Sources */,
				484480AE2C9AB0BC001EA7E5 /* ContentView.swift in Sources */,
				484480BC2C9AB117001EA7E5 /* PixabayService.swift in Sources */,
				484480BE2C9AB152001EA7E5 /* PhotoDetailView.swift in Sources */,
				484480AC2C9AB0BC001EA7E5 /* PhotoExplorerApp.swift in Sources */,
			);
			runOnlyForDeploymentPostprocessing = 0;
		};
/* End PBXSourcesBuildPhase section */

/* Begin XCBuildConfiguration section */
		484480B42C9AB0BD001EA7E5 /* Debug */ = {
			isa = XCBuildConfiguration;
			buildSettings = {
				ALWAYS_SEARCH_USER_PATHS = NO;
				ASSETCATALOG_COMPILER_GENERATE_SWIFT_ASSET_SYMBOL_EXTENSIONS = YES;
				CLANG_ANALYZER_NONNULL = YES;
				CLANG_ANALYZER_NUMBER_OBJECT_CONVERSION = YES_AGGRESSIVE;
				CLANG_CXX_LANGUAGE_STANDARD = "gnu++20";
				CLANG_ENABLE_MODULES = YES;
				CLANG_ENABLE_OBJC_ARC = YES;
				CLANG_ENABLE_OBJC_WEAK = YES;
				CLANG_WARN_BLOCK_CAPTURE_AUTORELEASING = YES;
				CLANG_WARN_BOOL_CONVERSION = YES;
				CLANG_WARN_COMMA = YES;
				CLANG_WARN_CONSTANT_CONVERSION = YES;
				CLANG_WARN_DEPRECATED_OBJC_IMPLEMENTATIONS = YES;
				CLANG_WARN_DIRECT_OBJC_ISA_USAGE = YES_ERROR;
				CLANG_WARN_DOCUMENTATION_COMMENTS = YES;
				CLANG_WARN_EMPTY_BODY = YES;
				CLANG_WARN_ENUM_CONVERSION = YES;
				CLANG_WARN_INFINITE_RECURSION = YES;
				CLANG_WARN_INT_CONVERSION = YES;
				CLANG_WARN_NON_LITERAL_NULL_CONVERSION = YES;
				CLANG_WARN_OBJC_IMPLICIT_RETAIN_SELF = YES;
				CLANG_WARN_OBJC_LITERAL_CONVERSION = YES;
				CLANG_WARN_OBJC_ROOT_CLASS = YES_ERROR;
				CLANG_WARN_QUOTED_INCLUDE_IN_FRAMEWORK_HEADER = YES;
				CLANG_WARN_RANGE_LOOP_ANALYSIS = YES;
				CLANG_WARN_STRICT_PROTOTYPES = YES;
				CLANG_WARN_SUSPICIOUS_MOVE = YES;
				CLANG_WARN_UNGUARDED_AVAILABILITY = YES_AGGRESSIVE;
				CLANG_WARN_UNREACHABLE_CODE = YES;
				CLANG_WARN__DUPLICATE_METHOD_MATCH = YES;
				COPY_PHASE_STRIP = NO;
				DEBUG_INFORMATION_FORMAT = dwarf;
				ENABLE_STRICT_OBJC_MSGSEND = YES;
				ENABLE_TESTABILITY = YES;
				ENABLE_USER_SCRIPT_SANDBOXING = YES;
				GCC_C_LANGUAGE_STANDARD = gnu17;
				GCC_DYNAMIC_NO_PIC = NO;
				GCC_NO_COMMON_BLOCKS = YES;
				GCC_OPTIMIZATION_LEVEL = 0;
				GCC_PREPROCESSOR_DEFINITIONS = (
					"DEBUG=1",
					"$(inherited)",
				);
				GCC_WARN_64_TO_32_BIT_CONVERSION = YES;
				GCC_WARN_ABOUT_RETURN_TYPE = YES_ERROR;
				GCC_WARN_UNDECLARED_SELECTOR = YES;
				GCC_WARN_UNINITIALIZED_AUTOS = YES_AGGRESSIVE;
				GCC_WARN_UNUSED_FUNCTION = YES;
				GCC_WARN_UNUSED_VARIABLE = YES;
				IPHONEOS_DEPLOYMENT_TARGET = 17.5;
				LOCALIZATION_PREFERS_STRING_CATALOGS = YES;
				MTL_ENABLE_DEBUG_INFO = INCLUDE_SOURCE;
				MTL_FAST_MATH = YES;
				ONLY_ACTIVE_ARCH = YES;
				SDKROOT = iphoneos;
				SWIFT_ACTIVE_COMPILATION_CONDITIONS = "DEBUG $(inherited)";
				SWIFT_OPTIMIZATION_LEVEL = "-Onone";
			};
			name = Debug;
		};
		484480B52C9AB0BD001EA7E5 /* Release */ = {
			isa = XCBuildConfiguration;
			buildSettings = {
				ALWAYS_SEARCH_USER_PATHS = NO;
				ASSETCATALOG_COMPILER_GENERATE_SWIFT_ASSET_SYMBOL_EXTENSIONS = YES;
				CLANG_ANALYZER_NONNULL = YES;
				CLANG_ANALYZER_NUMBER_OBJECT_CONVERSION = YES_AGGRESSIVE;
				CLANG_CXX_LANGUAGE_STANDARD = "gnu++20";
				CLANG_ENABLE_MODULES = YES;
				CLANG_ENABLE_OBJC_ARC = YES;
				CLANG_ENABLE_OBJC_WEAK = YES;
				CLANG_WARN_BLOCK_CAPTURE_AUTORELEASING = YES;
				CLANG_WARN_BOOL_CONVERSION = YES;
				CLANG_WARN_COMMA = YES;
				CLANG_WARN_CONSTANT_CONVERSION = YES;
				CLANG_WARN_DEPRECATED_OBJC_IMPLEMENTATIONS = YES;
				CLANG_WARN_DIRECT_OBJC_ISA_USAGE = YES_ERROR;
				CLANG_WARN_DOCUMENTATION_COMMENTS = YES;
				CLANG_WARN_EMPTY_BODY = YES;
				CLANG_WARN_ENUM_CONVERSION = YES;
				CLANG_WARN_INFINITE_RECURSION = YES;
				CLANG_WARN_INT_CONVERSION = YES;
				CLANG_WARN_NON_LITERAL_NULL_CONVERSION = YES;
				CLANG_WARN_OBJC_IMPLICIT_RETAIN_SELF = YES;
				CLANG_WARN_OBJC_LITERAL_CONVERSION = YES;
				CLANG_WARN_OBJC_ROOT_CLASS = YES_ERROR;
				CLANG_WARN_QUOTED_INCLUDE_IN_FRAMEWORK_HEADER = YES;
				CLANG_WARN_RANGE_LOOP_ANALYSIS = YES;
				CLANG_WARN_STRICT_PROTOTYPES = YES;
				CLANG_WARN_SUSPICIOUS_MOVE = YES;
				CLANG_WARN_UNGUARDED_AVAILABILITY = YES_AGGRESSIVE;
				CLANG_WARN_UNREACHABLE_CODE = YES;
				CLANG_WARN__DUPLICATE_METHOD_MATCH = YES;
				COPY_PHASE_STRIP = NO;
				DEBUG_INFORMATION_FORMAT = "dwarf-with-dsym";
				ENABLE_NS_ASSERTIONS = NO;
				ENABLE_STRICT_OBJC_MSGSEND = YES;
				ENABLE_USER_SCRIPT_SANDBOXING = YES;
				GCC_C_LANGUAGE_STANDARD = gnu17;
				GCC_NO_COMMON_BLOCKS = YES;
				GCC_WARN_64_TO_32_BIT_CONVERSION = YES;
				GCC_WARN_ABOUT_RETURN_TYPE = YES_ERROR;
				GCC_WARN_UNDECLARED_SELECTOR = YES;
				GCC_WARN_UNINITIALIZED_AUTOS = YES_AGGRESSIVE;
				GCC_WARN_UNUSED_FUNCTION = YES;
				GCC_WARN_UNUSED_VARIABLE = YES;
				IPHONEOS_DEPLOYMENT_TARGET = 17.5;
				LOCALIZATION_PREFERS_STRING_CATALOGS = YES;
				MTL_ENABLE_DEBUG_INFO = NO;
				MTL_FAST_MATH = YES;
				SDKROOT = iphoneos;
				SWIFT_COMPILATION_MODE = wholemodule;
				VALIDATE_PRODUCT = YES;
			};
			name = Release;
		};
		484480B72C9AB0BD001EA7E5 /* Debug */ = {
			isa = XCBuildConfiguration;
			baseConfigurationReference = 066C51F1B1FCA16964EE84F3 /* Pods-PhotoExplorer.debug.xcconfig */;
			buildSettings = {
				ASSETCATALOG_COMPILER_APPICON_NAME = AppIcon;
				ASSETCATALOG_COMPILER_GLOBAL_ACCENT_COLOR_NAME = AccentColor;
				CODE_SIGN_STYLE = Automatic;
				CURRENT_PROJECT_VERSION = 1;
				DEVELOPMENT_ASSET_PATHS = "\"PhotoExplorer/Preview Content\"";
				DEVELOPMENT_TEAM = "";
				ENABLE_PREVIEWS = YES;
				ENABLE_USER_SCRIPT_SANDBOXING = NO;
				GENERATE_INFOPLIST_FILE = YES;
				INFOPLIST_KEY_UIApplicationSceneManifest_Generation = YES;
				INFOPLIST_KEY_UIApplicationSupportsIndirectInputEvents = YES;
				INFOPLIST_KEY_UILaunchScreen_Generation = YES;
				INFOPLIST_KEY_UISupportedInterfaceOrientations_iPad = "UIInterfaceOrientationPortrait UIInterfaceOrientationPortraitUpsideDown UIInterfaceOrientationLandscapeLeft UIInterfaceOrientationLandscapeRight";
				INFOPLIST_KEY_UISupportedInterfaceOrientations_iPhone = "UIInterfaceOrientationPortrait UIInterfaceOrientationLandscapeLeft UIInterfaceOrientationLandscapeRight";
				LD_RUNPATH_SEARCH_PATHS = (
					"$(inherited)",
					"@executable_path/Frameworks",
				);
				MARKETING_VERSION = 1.0;
				PRODUCT_BUNDLE_IDENTIFIER = rshankar.com.PhotoExplorer;
				PRODUCT_NAME = "$(TARGET_NAME)";
				SWIFT_EMIT_LOC_STRINGS = YES;
				SWIFT_VERSION = 5.0;
				TARGETED_DEVICE_FAMILY = "1,2";
			};
			name = Debug;
		};
		484480B82C9AB0BD001EA7E5 /* Release */ = {
			isa = XCBuildConfiguration;
			baseConfigurationReference = 2367FB1DBA2D7F22BD3E6A49 /* Pods-PhotoExplorer.release.xcconfig */;
			buildSettings = {
				ASSETCATALOG_COMPILER_APPICON_NAME = AppIcon;
				ASSETCATALOG_COMPILER_GLOBAL_ACCENT_COLOR_NAME = AccentColor;
				CODE_SIGN_STYLE = Automatic;
				CURRENT_PROJECT_VERSION = 1;
				DEVELOPMENT_ASSET_PATHS = "\"PhotoExplorer/Preview Content\"";
				DEVELOPMENT_TEAM = "";
				ENABLE_PREVIEWS = YES;
				ENABLE_USER_SCRIPT_SANDBOXING = NO;
				GENERATE_INFOPLIST_FILE = YES;
				INFOPLIST_KEY_UIApplicationSceneManifest_Generation = YES;
				INFOPLIST_KEY_UIApplicationSupportsIndirectInputEvents = YES;
				INFOPLIST_KEY_UILaunchScreen_Generation = YES;
				INFOPLIST_KEY_UISupportedInterfaceOrientations_iPad = "UIInterfaceOrientationPortrait UIInterfaceOrientationPortraitUpsideDown UIInterfaceOrientationLandscapeLeft UIInterfaceOrientationLandscapeRight";
				INFOPLIST_KEY_UISupportedInterfaceOrientations_iPhone = "UIInterfaceOrientationPortrait UIInterfaceOrientationLandscapeLeft UIInterfaceOrientationLandscapeRight";
				LD_RUNPATH_SEARCH_PATHS = (
					"$(inherited)",
					"@executable_path/Frameworks",
				);
				MARKETING_VERSION = 1.0;
				PRODUCT_BUNDLE_IDENTIFIER = rshankar.com.PhotoExplorer;
				PRODUCT_NAME = "$(TARGET_NAME)";
				SWIFT_EMIT_LOC_STRINGS = YES;
				SWIFT_VERSION = 5.0;
				TARGETED_DEVICE_FAMILY = "1,2";
			};
			name = Release;
		};
/* End XCBuildConfiguration section */

/* Begin XCConfigurationList section */
		484480A32C9AB0BC001EA7E5 /* Build configuration list for PBXProject "PhotoExplorer" */ = {
			isa = XCConfigurationList;
			buildConfigurations = (
				484480B42C9AB0BD001EA7E5 /* Debug */,
				484480B52C9AB0BD001EA7E5 /* Release */,
			);
			defaultConfigurationIsVisible = 0;
			defaultConfigurationName = Release;
		};
		484480B62C9AB0BD001EA7E5 /* Build configuration list for PBXNativeTarget "PhotoExplorer" */ = {
			isa = XCConfigurationList;
			buildConfigurations = (
				484480B72C9AB0BD001EA7E5 /* Debug */,
				484480B82C9AB0BD001EA7E5 /* Release */,
			);
			defaultConfigurationIsVisible = 0;
			defaultConfigurationName = Release;
		};
/* End XCConfigurationList section */
	};
	rootObject = 484480A02C9AB0BC001EA7E5 /* Project object */;
}
