// !$*UTF8*$!
{
	archiveVersion = 1;
	classes = {
	};
	objectVersion = 56;
	objects = {

/* Begin PBXBuildFile section */
		4855375B2CAF5E330038410C /* MemoFinderApp.swift in Sources */ = {isa = PBXBuildFile; fileRef = 4855375A2CAF5E330038410C /* MemoFinderApp.swift */; };
		4855375D2CAF5E330038410C /* ContentView.swift in Sources */ = {isa = PBXBuildFile; fileRef = 4855375C2CAF5E330038410C /* ContentView.swift */; };
		4855375F2CAF5E340038410C /* Assets.xcassets in Resources */ = {isa = PBXBuildFile; fileRef = 4855375E2CAF5E340038410C /* Assets.xcassets */; };
		485537622CAF5E340038410C /* Preview Assets.xcassets in Resources */ = {isa = PBXBuildFile; fileRef = 485537612CAF5E340038410C /* Preview Assets.xcassets */; };
		485537692CAF5E570038410C /* NoteViewModel.swift in Sources */ = {isa = PBXBuildFile; fileRef = 485537682CAF5E570038410C /* NoteViewModel.swift */; };
		4855376B2CAF5EA80038410C /* NoteDetailView.swift in Sources */ = {isa = PBXBuildFile; fileRef = 4855376A2CAF5EA80038410C /* NoteDetailView.swift */; };
		4855376D2CAF5EE10038410C /* SettingsView.swift in Sources */ = {isa = PBXBuildFile; fileRef = 4855376C2CAF5EE10038410C /* SettingsView.swift */; };
		485537712CAF604D0038410C /* SettingsViewModel.swift in Sources */ = {isa = PBXBuildFile; fileRef = 485537702CAF604D0038410C /* SettingsViewModel.swift */; };
		4855379E2CAFC66E0038410C /* InMemoryNoteStorage.swift in Sources */ = {isa = PBXBuildFile; fileRef = 4855379D2CAFC66E0038410C /* InMemoryNoteStorage.swift */; };
/* End PBXBuildFile section */

/* Begin PBXFileReference section */
		485537572CAF5E330038410C /* MemoFinder.app */ = {isa = PBXFileReference; explicitFileType = wrapper.application; includeInIndex = 0; path = MemoFinder.app; sourceTree = BUILT_PRODUCTS_DIR; };
		4855375A2CAF5E330038410C /* MemoFinderApp.swift */ = {isa = PBXFileReference; lastKnownFileType = sourcecode.swift; path = MemoFinderApp.swift; sourceTree = "<group>"; };
		4855375C2CAF5E330038410C /* ContentView.swift */ = {isa = PBXFileReference; lastKnownFileType = sourcecode.swift; path = ContentView.swift; sourceTree = "<group>"; };
		4855375E2CAF5E340038410C /* Assets.xcassets */ = {isa = PBXFileReference; lastKnownFileType = folder.assetcatalog; path = Assets.xcassets; sourceTree = "<group>"; };
		485537612CAF5E340038410C /* Preview Assets.xcassets */ = {isa = PBXFileReference; lastKnownFileType = folder.assetcatalog; path = "Preview Assets.xcassets"; sourceTree = "<group>"; };
		485537682CAF5E570038410C /* NoteViewModel.swift */ = {isa = PBXFileReference; lastKnownFileType = sourcecode.swift; path = NoteViewModel.swift; sourceTree = "<group>"; };
		4855376A2CAF5EA80038410C /* NoteDetailView.swift */ = {isa = PBXFileReference; lastKnownFileType = sourcecode.swift; path = NoteDetailView.swift; sourceTree = "<group>"; };
		4855376C2CAF5EE10038410C /* SettingsView.swift */ = {isa = PBXFileReference; lastKnownFileType = sourcecode.swift; path = SettingsView.swift; sourceTree = "<group>"; };
		485537702CAF604D0038410C /* SettingsViewModel.swift */ = {isa = PBXFileReference; lastKnownFileType = sourcecode.swift; path = SettingsViewModel.swift; sourceTree = "<group>"; };
		4855379D2CAFC66E0038410C /* InMemoryNoteStorage.swift */ = {isa = PBXFileReference; lastKnownFileType = sourcecode.swift; path = InMemoryNoteStorage.swift; sourceTree = "<group>"; };
/* End PBXFileReference section */

/* Begin PBXFrameworksBuildPhase section */
		485537542CAF5E330038410C /* Frameworks */ = {
			isa = PBXFrameworksBuildPhase;
			buildActionMask = 2147483647;
			files = (
			);
			runOnlyForDeploymentPostprocessing = 0;
		};
/* End PBXFrameworksBuildPhase section */

/* Begin PBXGroup section */
		4855374E2CAF5E330038410C = {
			isa = PBXGroup;
			children = (
				485537592CAF5E330038410C /* MemoFinder */,
				485537582CAF5E330038410C /* Products */,
			);
			sourceTree = "<group>";
		};
		485537582CAF5E330038410C /* Products */ = {
			isa = PBXGroup;
			children = (
				485537572CAF5E330038410C /* MemoFinder.app */,
			);
			name = Products;
			sourceTree = "<group>";
		};
		485537592CAF5E330038410C /* MemoFinder */ = {
			isa = PBXGroup;
			children = (
				4855379C2CAFC64F0038410C /* StorageManager */,
				4855376F2CAF5EEF0038410C /* ViewModels */,
				4855376E2CAF5EEA0038410C /* Views */,
				4855375A2CAF5E330038410C /* MemoFinderApp.swift */,
				4855375E2CAF5E340038410C /* Assets.xcassets */,
				485537602CAF5E340038410C /* Preview Content */,
			);
			path = MemoFinder;
			sourceTree = "<group>";
		};
		485537602CAF5E340038410C /* Preview Content */ = {
			isa = PBXGroup;
			children = (
				485537612CAF5E340038410C /* Preview Assets.xcassets */,
			);
			path = "Preview Content";
			sourceTree = "<group>";
		};
		4855376E2CAF5EEA0038410C /* Views */ = {
			isa = PBXGroup;
			children = (
				4855375C2CAF5E330038410C /* ContentView.swift */,
				4855376A2CAF5EA80038410C /* NoteDetailView.swift */,
				4855376C2CAF5EE10038410C /* SettingsView.swift */,
			);
			path = Views;
			sourceTree = "<group>";
		};
		4855376F2CAF5EEF0038410C /* ViewModels */ = {
			isa = PBXGroup;
			children = (
				485537682CAF5E570038410C /* NoteViewModel.swift */,
				485537702CAF604D0038410C /* SettingsViewModel.swift */,
			);
			path = ViewModels;
			sourceTree = "<group>";
		};
		4855379C2CAFC64F0038410C /* StorageManager */ = {
			isa = PBXGroup;
			children = (
				4855379D2CAFC66E0038410C /* InMemoryNoteStorage.swift */,
			);
			path = StorageManager;
			sourceTree = "<group>";
		};
/* End PBXGroup section */

/* Begin PBXNativeTarget section */
		485537562CAF5E330038410C /* MemoFinder */ = {
			isa = PBXNativeTarget;
			buildConfigurationList = 485537652CAF5E340038410C /* Build configuration list for PBXNativeTarget "MemoFinder" */;
			buildPhases = (
				485537532CAF5E330038410C /* Sources */,
				485537542CAF5E330038410C /* Frameworks */,
				485537552CAF5E330038410C /* Resources */,
			);
			buildRules = (
			);
			dependencies = (
			);
			name = MemoFinder;
			productName = MemoFinder;
			productReference = 485537572CAF5E330038410C /* MemoFinder.app */;
			productType = "com.apple.product-type.application";
		};
/* End PBXNativeTarget section */

/* Begin PBXProject section */
		4855374F2CAF5E330038410C /* Project object */ = {
			isa = PBXProject;
			attributes = {
				BuildIndependentTargetsInParallel = 1;
				LastSwiftUpdateCheck = 1540;
				LastUpgradeCheck = 1540;
				TargetAttributes = {
					485537562CAF5E330038410C = {
						CreatedOnToolsVersion = 15.4;
					};
				};
			};
			buildConfigurationList = 485537522CAF5E330038410C /* Build configuration list for PBXProject "MemoFinder" */;
			compatibilityVersion = "Xcode 14.0";
			developmentRegion = en;
			hasScannedForEncodings = 0;
			knownRegions = (
				en,
				Base,
			);
			mainGroup = 4855374E2CAF5E330038410C;
			productRefGroup = 485537582CAF5E330038410C /* Products */;
			projectDirPath = "";
			projectRoot = "";
			targets = (
				485537562CAF5E330038410C /* MemoFinder */,
			);
		};
/* End PBXProject section */

/* Begin PBXResourcesBuildPhase section */
		485537552CAF5E330038410C /* Resources */ = {
			isa = PBXResourcesBuildPhase;
			buildActionMask = 2147483647;
			files = (
				485537622CAF5E340038410C /* Preview Assets.xcassets in Resources */,
				4855375F2CAF5E340038410C /* Assets.xcassets in Resources */,
			);
			runOnlyForDeploymentPostprocessing = 0;
		};
/* End PBXResourcesBuildPhase section */

/* Begin PBXSourcesBuildPhase section */
		485537532CAF5E330038410C /* Sources */ = {
			isa = PBXSourcesBuildPhase;
			buildActionMask = 2147483647;
			files = (
				4855376D2CAF5EE10038410C /* SettingsView.swift in Sources */,
				4855375D2CAF5E330038410C /* ContentView.swift in Sources */,
				4855375B2CAF5E330038410C /* MemoFinderApp.swift in Sources */,
				485537692CAF5E570038410C /* NoteViewModel.swift in Sources */,
				4855376B2CAF5EA80038410C /* NoteDetailView.swift in Sources */,
				4855379E2CAFC66E0038410C /* InMemoryNoteStorage.swift in Sources */,
				485537712CAF604D0038410C /* SettingsViewModel.swift in Sources */,
			);
			runOnlyForDeploymentPostprocessing = 0;
		};
/* End PBXSourcesBuildPhase section */

/* Begin XCBuildConfiguration section */
		485537632CAF5E340038410C /* Debug */ = {
			isa = XCBuildConfiguration;
			buildSettings = {
				ALWAYS_SEARCH_USER_PATHS = NO;
				ASSETCATALOG_COMPILER_GENERATE_SWIFT_ASSET_SYMBOL_EXTENSIONS = YES;
				CLANG_ANALYZER_NONNULL = YES;
				CLANG_ANALYZER_NUMBER_OBJECT_CONVERSION = YES_AGGRESSIVE;
				CLANG_CXX_LANGUAGE_STANDARD = "gnu++20";
				CLANG_ENABLE_MODULES = YES;
				CLANG_ENABLE_OBJC_ARC = YES;
				CLANG_ENABLE_OBJC_WEAK = YES;
				CLANG_WARN_BLOCK_CAPTURE_AUTORELEASING = YES;
				CLANG_WARN_BOOL_CONVERSION = YES;
				CLANG_WARN_COMMA = YES;
				CLANG_WARN_CONSTANT_CONVERSION = YES;
				CLANG_WARN_DEPRECATED_OBJC_IMPLEMENTATIONS = YES;
				CLANG_WARN_DIRECT_OBJC_ISA_USAGE = YES_ERROR;
				CLANG_WARN_DOCUMENTATION_COMMENTS = YES;
				CLANG_WARN_EMPTY_BODY = YES;
				CLANG_WARN_ENUM_CONVERSION = YES;
				CLANG_WARN_INFINITE_RECURSION = YES;
				CLANG_WARN_INT_CONVERSION = YES;
				CLANG_WARN_NON_LITERAL_NULL_CONVERSION = YES;
				CLANG_WARN_OBJC_IMPLICIT_RETAIN_SELF = YES;
				CLANG_WARN_OBJC_LITERAL_CONVERSION = YES;
				CLANG_WARN_OBJC_ROOT_CLASS = YES_ERROR;
				CLANG_WARN_QUOTED_INCLUDE_IN_FRAMEWORK_HEADER = YES;
				CLANG_WARN_RANGE_LOOP_ANALYSIS = YES;
				CLANG_WARN_STRICT_PROTOTYPES = YES;
				CLANG_WARN_SUSPICIOUS_MOVE = YES;
				CLANG_WARN_UNGUARDED_AVAILABILITY = YES_AGGRESSIVE;
				CLANG_WARN_UNREACHABLE_CODE = YES;
				CLANG_WARN__DUPLICATE_METHOD_MATCH = YES;
				COPY_PHASE_STRIP = NO;
				DEBUG_INFORMATION_FORMAT = dwarf;
				ENABLE_STRICT_OBJC_MSGSEND = YES;
				ENABLE_TESTABILITY = YES;
				ENABLE_USER_SCRIPT_SANDBOXING = YES;
				GCC_C_LANGUAGE_STANDARD = gnu17;
				GCC_DYNAMIC_NO_PIC = NO;
				GCC_NO_COMMON_BLOCKS = YES;
				GCC_OPTIMIZATION_LEVEL = 0;
				GCC_PREPROCESSOR_DEFINITIONS = (
					"DEBUG=1",
					"$(inherited)",
				);
				GCC_WARN_64_TO_32_BIT_CONVERSION = YES;
				GCC_WARN_ABOUT_RETURN_TYPE = YES_ERROR;
				GCC_WARN_UNDECLARED_SELECTOR = YES;
				GCC_WARN_UNINITIALIZED_AUTOS = YES_AGGRESSIVE;
				GCC_WARN_UNUSED_FUNCTION = YES;
				GCC_WARN_UNUSED_VARIABLE = YES;
				IPHONEOS_DEPLOYMENT_TARGET = 17.5;
				LOCALIZATION_PREFERS_STRING_CATALOGS = YES;
				MTL_ENABLE_DEBUG_INFO = INCLUDE_SOURCE;
				MTL_FAST_MATH = YES;
				ONLY_ACTIVE_ARCH = YES;
				SDKROOT = iphoneos;
				SWIFT_ACTIVE_COMPILATION_CONDITIONS = "DEBUG $(inherited)";
				SWIFT_OPTIMIZATION_LEVEL = "-Onone";
			};
			name = Debug;
		};
		485537642CAF5E340038410C /* Release */ = {
			isa = XCBuildConfiguration;
			buildSettings = {
				ALWAYS_SEARCH_USER_PATHS = NO;
				ASSETCATALOG_COMPILER_GENERATE_SWIFT_ASSET_SYMBOL_EXTENSIONS = YES;
				CLANG_ANALYZER_NONNULL = YES;
				CLANG_ANALYZER_NUMBER_OBJECT_CONVERSION = YES_AGGRESSIVE;
				CLANG_CXX_LANGUAGE_STANDARD = "gnu++20";
				CLANG_ENABLE_MODULES = YES;
				CLANG_ENABLE_OBJC_ARC = YES;
				CLANG_ENABLE_OBJC_WEAK = YES;
				CLANG_WARN_BLOCK_CAPTURE_AUTORELEASING = YES;
				CLANG_WARN_BOOL_CONVERSION = YES;
				CLANG_WARN_COMMA = YES;
				CLANG_WARN_CONSTANT_CONVERSION = YES;
				CLANG_WARN_DEPRECATED_OBJC_IMPLEMENTATIONS = YES;
				CLANG_WARN_DIRECT_OBJC_ISA_USAGE = YES_ERROR;
				CLANG_WARN_DOCUMENTATION_COMMENTS = YES;
				CLANG_WARN_EMPTY_BODY = YES;
				CLANG_WARN_ENUM_CONVERSION = YES;
				CLANG_WARN_INFINITE_RECURSION = YES;
				CLANG_WARN_INT_CONVERSION = YES;
				CLANG_WARN_NON_LITERAL_NULL_CONVERSION = YES;
				CLANG_WARN_OBJC_IMPLICIT_RETAIN_SELF = YES;
				CLANG_WARN_OBJC_LITERAL_CONVERSION = YES;
				CLANG_WARN_OBJC_ROOT_CLASS = YES_ERROR;
				CLANG_WARN_QUOTED_INCLUDE_IN_FRAMEWORK_HEADER = YES;
				CLANG_WARN_RANGE_LOOP_ANALYSIS = YES;
				CLANG_WARN_STRICT_PROTOTYPES = YES;
				CLANG_WARN_SUSPICIOUS_MOVE = YES;
				CLANG_WARN_UNGUARDED_AVAILABILITY = YES_AGGRESSIVE;
				CLANG_WARN_UNREACHABLE_CODE = YES;
				CLANG_WARN__DUPLICATE_METHOD_MATCH = YES;
				COPY_PHASE_STRIP = NO;
				DEBUG_INFORMATION_FORMAT = "dwarf-with-dsym";
				ENABLE_NS_ASSERTIONS = NO;
				ENABLE_STRICT_OBJC_MSGSEND = YES;
				ENABLE_USER_SCRIPT_SANDBOXING = YES;
				GCC_C_LANGUAGE_STANDARD = gnu17;
				GCC_NO_COMMON_BLOCKS = YES;
				GCC_WARN_64_TO_32_BIT_CONVERSION = YES;
				GCC_WARN_ABOUT_RETURN_TYPE = YES_ERROR;
				GCC_WARN_UNDECLARED_SELECTOR = YES;
				GCC_WARN_UNINITIALIZED_AUTOS = YES_AGGRESSIVE;
				GCC_WARN_UNUSED_FUNCTION = YES;
				GCC_WARN_UNUSED_VARIABLE = YES;
				IPHONEOS_DEPLOYMENT_TARGET = 17.5;
				LOCALIZATION_PREFERS_STRING_CATALOGS = YES;
				MTL_ENABLE_DEBUG_INFO = NO;
				MTL_FAST_MATH = YES;
				SDKROOT = iphoneos;
				SWIFT_COMPILATION_MODE = wholemodule;
				VALIDATE_PRODUCT = YES;
			};
			name = Release;
		};
		485537662CAF5E340038410C /* Debug */ = {
			isa = XCBuildConfiguration;
			buildSettings = {
				ASSETCATALOG_COMPILER_APPICON_NAME = AppIcon;
				ASSETCATALOG_COMPILER_GLOBAL_ACCENT_COLOR_NAME = AccentColor;
				CODE_SIGN_STYLE = Automatic;
				CURRENT_PROJECT_VERSION = 1;
				DEVELOPMENT_ASSET_PATHS = "\"MemoFinder/Preview Content\"";
				ENABLE_PREVIEWS = YES;
				GENERATE_INFOPLIST_FILE = YES;
				INFOPLIST_KEY_UIApplicationSceneManifest_Generation = YES;
				INFOPLIST_KEY_UIApplicationSupportsIndirectInputEvents = YES;
				INFOPLIST_KEY_UILaunchScreen_Generation = YES;
				INFOPLIST_KEY_UISupportedInterfaceOrientations_iPad = "UIInterfaceOrientationPortrait UIInterfaceOrientationPortraitUpsideDown UIInterfaceOrientationLandscapeLeft UIInterfaceOrientationLandscapeRight";
				INFOPLIST_KEY_UISupportedInterfaceOrientations_iPhone = "UIInterfaceOrientationPortrait UIInterfaceOrientationLandscapeLeft UIInterfaceOrientationLandscapeRight";
				LD_RUNPATH_SEARCH_PATHS = (
					"$(inherited)",
					"@executable_path/Frameworks",
				);
				MARKETING_VERSION = 1.0;
				PRODUCT_BUNDLE_IDENTIFIER = rshankar.com.MemoFinder;
				PRODUCT_NAME = "$(TARGET_NAME)";
				SWIFT_EMIT_LOC_STRINGS = YES;
				SWIFT_VERSION = 5.0;
				TARGETED_DEVICE_FAMILY = "1,2";
			};
			name = Debug;
		};
		485537672CAF5E340038410C /* Release */ = {
			isa = XCBuildConfiguration;
			buildSettings = {
				ASSETCATALOG_COMPILER_APPICON_NAME = AppIcon;
				ASSETCATALOG_COMPILER_GLOBAL_ACCENT_COLOR_NAME = AccentColor;
				CODE_SIGN_STYLE = Automatic;
				CURRENT_PROJECT_VERSION = 1;
				DEVELOPMENT_ASSET_PATHS = "\"MemoFinder/Preview Content\"";
				ENABLE_PREVIEWS = YES;
				GENERATE_INFOPLIST_FILE = YES;
				INFOPLIST_KEY_UIApplicationSceneManifest_Generation = YES;
				INFOPLIST_KEY_UIApplicationSupportsIndirectInputEvents = YES;
				INFOPLIST_KEY_UILaunchScreen_Generation = YES;
				INFOPLIST_KEY_UISupportedInterfaceOrientations_iPad = "UIInterfaceOrientationPortrait UIInterfaceOrientationPortraitUpsideDown UIInterfaceOrientationLandscapeLeft UIInterfaceOrientationLandscapeRight";
				INFOPLIST_KEY_UISupportedInterfaceOrientations_iPhone = "UIInterfaceOrientationPortrait UIInterfaceOrientationLandscapeLeft UIInterfaceOrientationLandscapeRight";
				LD_RUNPATH_SEARCH_PATHS = (
					"$(inherited)",
					"@executable_path/Frameworks",
				);
				MARKETING_VERSION = 1.0;
				PRODUCT_BUNDLE_IDENTIFIER = rshankar.com.MemoFinder;
				PRODUCT_NAME = "$(TARGET_NAME)";
				SWIFT_EMIT_LOC_STRINGS = YES;
				SWIFT_VERSION = 5.0;
				TARGETED_DEVICE_FAMILY = "1,2";
			};
			name = Release;
		};
/* End XCBuildConfiguration section */

/* Begin XCConfigurationList section */
		485537522CAF5E330038410C /* Build configuration list for PBXProject "MemoFinder" */ = {
			isa = XCConfigurationList;
			buildConfigurations = (
				485537632CAF5E340038410C /* Debug */,
				485537642CAF5E340038410C /* Release */,
			);
			defaultConfigurationIsVisible = 0;
			defaultConfigurationName = Release;
		};
		485537652CAF5E340038410C /* Build configuration list for PBXNativeTarget "MemoFinder" */ = {
			isa = XCConfigurationList;
			buildConfigurations = (
				485537662CAF5E340038410C /* Debug */,
				485537672CAF5E340038410C /* Release */,
			);
			defaultConfigurationIsVisible = 0;
			defaultConfigurationName = Release;
		};
/* End XCConfigurationList section */
	};
	rootObject = 4855374F2CAF5E330038410C /* Project object */;
}
